
Microsoft Visual Studio Solution File, Format Version 12.00
# Visual Studio Version 17
VisualStudioVersion = 17.6.33723.286
MinimumVisualStudioVersion = 10.0.40219.1
Project("{FAE04EC0-301F-11D3-BF4B-00C04F79EFBC}") = "WinFormsApp.toplama", "WinFormsApp.toplama\WinFormsApp.toplama.csproj", "{1D979C56-6D50-4427-A667-ECCDBD6985B5}"
EndProject
Global
	GlobalSection(SolutionConfigurationPlatforms) = preSolution
		Debug|Any CPU = Debug|Any CPU
		Release|Any CPU = Release|Any CPU
	EndGlobalSection
	GlobalSection(ProjectConfigurationPlatforms) = postSolution
		{1D979C56-6D50-4427-A667-ECCDBD6985B5}.Debug|Any CPU.ActiveCfg = Debug|Any CPU
		{1D979C56-6D50-4427-A667-ECCDBD6985B5}.Debug|Any CPU.Build.0 = Debug|Any CPU
		{1D979C56-6D50-4427-A667-ECCDBD6985B5}.Release|Any CPU.ActiveCfg = Release|Any CPU
		{1D979C56-6D50-4427-A667-ECCDBD6985B5}.Release|Any CPU.Build.0 = Release|Any CPU
	EndGlobalSection
	GlobalSection(SolutionProperties) = preSolution
		HideSolutionNode = FALSE
	EndGlobalSection
	GlobalSection(ExtensibilityGlobals) = postSolution
		SolutionGuid = {9DDCEF83-DA2A-4069-A11F-AA002B121C49}
	EndGlobalSection
EndGlobal
